
Microsoft Visual Studio Solution File, Format Version 12.00
# Visual Studio Version 17
VisualStudioVersion = 17.0.31903.59
MinimumVisualStudioVersion = 10.0.40219.1
Project("{FAE04EC0-301F-11D3-BF4B-00C04F79EFBC}") = "Mikrofin.EMoney.CashDeskSdk", "Mikrofin.EMoney.CashDeskSdk\Mikrofin.EMoney.CashDeskSdk.csproj", "{14ED55C6-9513-4176-844B-05D513724975}"
EndProject
Project("{FAE04EC0-301F-11D3-BF4B-00C04F79EFBC}") = "Mikrofin.EMoney.CashDeskSdk.Sample", "Mikrofin.EMoney.CashDeskSdk.Sample\Mikrofin.EMoney.CashDeskSdk.Sample.csproj", "{DEE2BAC7-B31A-4EE8-A8B3-5472076E2E08}"
EndProject
Global
	GlobalSection(SolutionConfigurationPlatforms) = preSolution
		Debug|Any CPU = Debug|Any CPU
		Debug|x64 = Debug|x64
		Debug|x86 = Debug|x86
		Release|Any CPU = Release|Any CPU
		Release|x64 = Release|x64
		Release|x86 = Release|x86
	EndGlobalSection
	GlobalSection(ProjectConfigurationPlatforms) = postSolution
		{14ED55C6-9513-4176-844B-05D513724975}.Debug|Any CPU.ActiveCfg = Debug|Any CPU
		{14ED55C6-9513-4176-844B-05D513724975}.Debug|Any CPU.Build.0 = Debug|Any CPU
		{14ED55C6-9513-4176-844B-05D513724975}.Debug|x64.ActiveCfg = Debug|Any CPU
		{14ED55C6-9513-4176-844B-05D513724975}.Debug|x64.Build.0 = Debug|Any CPU
		{14ED55C6-9513-4176-844B-05D513724975}.Debug|x86.ActiveCfg = Debug|Any CPU
		{14ED55C6-9513-4176-844B-05D513724975}.Debug|x86.Build.0 = Debug|Any CPU
		{14ED55C6-9513-4176-844B-05D513724975}.Release|Any CPU.ActiveCfg = Release|Any CPU
		{14ED55C6-9513-4176-844B-05D513724975}.Release|Any CPU.Build.0 = Release|Any CPU
		{14ED55C6-9513-4176-844B-05D513724975}.Release|x64.ActiveCfg = Release|Any CPU
		{14ED55C6-9513-4176-844B-05D513724975}.Release|x64.Build.0 = Release|Any CPU
		{14ED55C6-9513-4176-844B-05D513724975}.Release|x86.ActiveCfg = Release|Any CPU
		{14ED55C6-9513-4176-844B-05D513724975}.Release|x86.Build.0 = Release|Any CPU
		{DEE2BAC7-B31A-4EE8-A8B3-5472076E2E08}.Debug|Any CPU.ActiveCfg = Debug|Any CPU
		{DEE2BAC7-B31A-4EE8-A8B3-5472076E2E08}.Debug|Any CPU.Build.0 = Debug|Any CPU
		{DEE2BAC7-B31A-4EE8-A8B3-5472076E2E08}.Debug|x64.ActiveCfg = Debug|Any CPU
		{DEE2BAC7-B31A-4EE8-A8B3-5472076E2E08}.Debug|x64.Build.0 = Debug|Any CPU
		{DEE2BAC7-B31A-4EE8-A8B3-5472076E2E08}.Debug|x86.ActiveCfg = Debug|Any CPU
		{DEE2BAC7-B31A-4EE8-A8B3-5472076E2E08}.Debug|x86.Build.0 = Debug|Any CPU
		{DEE2BAC7-B31A-4EE8-A8B3-5472076E2E08}.Release|Any CPU.ActiveCfg = Release|Any CPU
		{DEE2BAC7-B31A-4EE8-A8B3-5472076E2E08}.Release|Any CPU.Build.0 = Release|Any CPU
		{DEE2BAC7-B31A-4EE8-A8B3-5472076E2E08}.Release|x64.ActiveCfg = Release|Any CPU
		{DEE2BAC7-B31A-4EE8-A8B3-5472076E2E08}.Release|x64.Build.0 = Release|Any CPU
		{DEE2BAC7-B31A-4EE8-A8B3-5472076E2E08}.Release|x86.ActiveCfg = Release|Any CPU
		{DEE2BAC7-B31A-4EE8-A8B3-5472076E2E08}.Release|x86.Build.0 = Release|Any CPU
	EndGlobalSection
	GlobalSection(SolutionProperties) = preSolution
		HideSolutionNode = FALSE
	EndGlobalSection
EndGlobal
